// !$*UTF8*$!
{
	archiveVersion = 1;
	classes = {
	};
	objectVersion = 51;
	objects = {

/* Begin PBXBuildFile section */
		94DA4FE1DA977B9C9CB3A87B /* Pods_QuoteKeeper.framework in Frameworks */ = {isa = PBXBuildFile; fileRef = 10E0FC191D684D0CF7CB5885 /* Pods_QuoteKeeper.framework */; };
		DC4908C922FB60C7005243BF /* EditViewController.swift in Sources */ = {isa = PBXBuildFile; fileRef = DC4908C822FB60C7005243BF /* EditViewController.swift */; };
		DC4908CE22FD145B005243BF /* CopyPaste.swift in Sources */ = {isa = PBXBuildFile; fileRef = DC4908CD22FD145B005243BF /* CopyPaste.swift */; };
		DC50E66922FB2DC60012DBD3 /* Quote.swift in Sources */ = {isa = PBXBuildFile; fileRef = DC50E66822FB2DC60012DBD3 /* Quote.swift */; };
		DCCDE2C922E68A2200C451CF /* DetailViewController.swift in Sources */ = {isa = PBXBuildFile; fileRef = DCCDE2C822E68A2200C451CF /* DetailViewController.swift */; };
		DCCDE2CB22E69FD100C451CF /* GoogleService-Info.plist in Resources */ = {isa = PBXBuildFile; fileRef = DCCDE2CA22E69FD000C451CF /* GoogleService-Info.plist */; };
		DCCDE2CD22E7A5AD00C451CF /* AccountViewController.swift in Sources */ = {isa = PBXBuildFile; fileRef = DCCDE2CC22E7A5AD00C451CF /* AccountViewController.swift */; };
		DCCF83A322E5212500E767B2 /* AppDelegate.swift in Sources */ = {isa = PBXBuildFile; fileRef = DCCF83A222E5212500E767B2 /* AppDelegate.swift */; };
		DCCF83A822E5212500E767B2 /* Main.storyboard in Resources */ = {isa = PBXBuildFile; fileRef = DCCF83A622E5212500E767B2 /* Main.storyboard */; };
		DCCF83AA22E5212700E767B2 /* Assets.xcassets in Resources */ = {isa = PBXBuildFile; fileRef = DCCF83A922E5212700E767B2 /* Assets.xcassets */; };
		DCCF83AD22E5212700E767B2 /* LaunchScreen.storyboard in Resources */ = {isa = PBXBuildFile; fileRef = DCCF83AB22E5212700E767B2 /* LaunchScreen.storyboard */; };
		DCCF83B522E5233F00E767B2 /* AddViewController.swift in Sources */ = {isa = PBXBuildFile; fileRef = DCCF83B422E5233F00E767B2 /* AddViewController.swift */; };
		DCE6FD3922E55740009BAF77 /* QuoteInfo.swift in Sources */ = {isa = PBXBuildFile; fileRef = DCE6FD3822E55740009BAF77 /* QuoteInfo.swift */; };
		DCE6FD3B22E55A78009BAF77 /* AllQuotesTableViewController.swift in Sources */ = {isa = PBXBuildFile; fileRef = DCE6FD3A22E55A77009BAF77 /* AllQuotesTableViewController.swift */; };
		DD29B28923FF7BC500178330 /* SearchQuotesTableViewController copy.swift in Sources */ = {isa = PBXBuildFile; fileRef = DD29B28823FF7BC500178330 /* SearchQuotesTableViewController copy.swift */; };
		DD2F849B246CC66700AF4D71 /* LoginViewController.swift in Sources */ = {isa = PBXBuildFile; fileRef = DD2F849A246CC66700AF4D71 /* LoginViewController.swift */; };
		DD2F849D246CCF5000AF4D71 /* Constants.swift in Sources */ = {isa = PBXBuildFile; fileRef = DD2F849C246CCF5000AF4D71 /* Constants.swift */; };
		DD2F849F246CD19900AF4D71 /* Utilities.swift in Sources */ = {isa = PBXBuildFile; fileRef = DD2F849E246CD19900AF4D71 /* Utilities.swift */; };
		DD2F8D202425264E00573416 /* Notes in Resources */ = {isa = PBXBuildFile; fileRef = DD2F8D1F2425264E00573416 /* Notes */; };
		DD43F22A245F7EC900693C26 /* SignUpViewController.swift in Sources */ = {isa = PBXBuildFile; fileRef = DD43F229245F7EC900693C26 /* SignUpViewController.swift */; };
		DD6B6668246F75C500758DB2 /* HomeViewController.swift in Sources */ = {isa = PBXBuildFile; fileRef = DD6B6667246F75C500758DB2 /* HomeViewController.swift */; };
/* End PBXBuildFile section */

/* Begin PBXFileReference section */
		10E0FC191D684D0CF7CB5885 /* Pods_QuoteKeeper.framework */ = {isa = PBXFileReference; explicitFileType = wrapper.framework; includeInIndex = 0; path = Pods_QuoteKeeper.framework; sourceTree = BUILT_PRODUCTS_DIR; };
		DC4908C822FB60C7005243BF /* EditViewController.swift */ = {isa = PBXFileReference; lastKnownFileType = sourcecode.swift; path = EditViewController.swift; sourceTree = "<group>"; };
		DC4908CD22FD145B005243BF /* CopyPaste.swift */ = {isa = PBXFileReference; lastKnownFileType = sourcecode.swift; path = CopyPaste.swift; sourceTree = "<group>"; };
		DC50E66822FB2DC60012DBD3 /* Quote.swift */ = {isa = PBXFileReference; lastKnownFileType = sourcecode.swift; path = Quote.swift; sourceTree = "<group>"; };
		DCCDE2C822E68A2200C451CF /* DetailViewController.swift */ = {isa = PBXFileReference; lastKnownFileType = sourcecode.swift; path = DetailViewController.swift; sourceTree = "<group>"; };
		DCCDE2CA22E69FD000C451CF /* GoogleService-Info.plist */ = {isa = PBXFileReference; fileEncoding = 4; lastKnownFileType = text.plist.xml; path = "GoogleService-Info.plist"; sourceTree = "<group>"; };
		DCCDE2CC22E7A5AD00C451CF /* AccountViewController.swift */ = {isa = PBXFileReference; lastKnownFileType = sourcecode.swift; path = AccountViewController.swift; sourceTree = "<group>"; };
		DCCF839F22E5212500E767B2 /* QuoteKeeper.app */ = {isa = PBXFileReference; explicitFileType = wrapper.application; includeInIndex = 0; path = QuoteKeeper.app; sourceTree = BUILT_PRODUCTS_DIR; };
		DCCF83A222E5212500E767B2 /* AppDelegate.swift */ = {isa = PBXFileReference; lastKnownFileType = sourcecode.swift; path = AppDelegate.swift; sourceTree = "<group>"; };
		DCCF83A722E5212500E767B2 /* Base */ = {isa = PBXFileReference; lastKnownFileType = file.storyboard; name = Base; path = Base.lproj/Main.storyboard; sourceTree = "<group>"; };
		DCCF83A922E5212700E767B2 /* Assets.xcassets */ = {isa = PBXFileReference; lastKnownFileType = folder.assetcatalog; path = Assets.xcassets; sourceTree = "<group>"; };
		DCCF83AC22E5212700E767B2 /* Base */ = {isa = PBXFileReference; lastKnownFileType = file.storyboard; name = Base; path = Base.lproj/LaunchScreen.storyboard; sourceTree = "<group>"; };
		DCCF83AE22E5212700E767B2 /* Info.plist */ = {isa = PBXFileReference; lastKnownFileType = text.plist.xml; path = Info.plist; sourceTree = "<group>"; };
		DCCF83B422E5233F00E767B2 /* AddViewController.swift */ = {isa = PBXFileReference; lastKnownFileType = sourcecode.swift; path = AddViewController.swift; sourceTree = "<group>"; };
		DCE6FD3822E55740009BAF77 /* QuoteInfo.swift */ = {isa = PBXFileReference; lastKnownFileType = sourcecode.swift; path = QuoteInfo.swift; sourceTree = "<group>"; };
		DCE6FD3A22E55A77009BAF77 /* AllQuotesTableViewController.swift */ = {isa = PBXFileReference; lastKnownFileType = sourcecode.swift; path = AllQuotesTableViewController.swift; sourceTree = "<group>"; };
		DD29B28823FF7BC500178330 /* SearchQuotesTableViewController copy.swift */ = {isa = PBXFileReference; fileEncoding = 4; lastKnownFileType = sourcecode.swift; path = "SearchQuotesTableViewController copy.swift"; sourceTree = "<group>"; };
		DD2F849A246CC66700AF4D71 /* LoginViewController.swift */ = {isa = PBXFileReference; lastKnownFileType = sourcecode.swift; path = LoginViewController.swift; sourceTree = "<group>"; };
		DD2F849C246CCF5000AF4D71 /* Constants.swift */ = {isa = PBXFileReference; lastKnownFileType = sourcecode.swift; path = Constants.swift; sourceTree = "<group>"; };
		DD2F849E246CD19900AF4D71 /* Utilities.swift */ = {isa = PBXFileReference; lastKnownFileType = sourcecode.swift; path = Utilities.swift; sourceTree = "<group>"; };
		DD2F8D1F2425264E00573416 /* Notes */ = {isa = PBXFileReference; lastKnownFileType = text; path = Notes; sourceTree = "<group>"; };
		DD43F229245F7EC900693C26 /* SignUpViewController.swift */ = {isa = PBXFileReference; lastKnownFileType = sourcecode.swift; path = SignUpViewController.swift; sourceTree = "<group>"; };
		DD6B6667246F75C500758DB2 /* HomeViewController.swift */ = {isa = PBXFileReference; lastKnownFileType = sourcecode.swift; path = HomeViewController.swift; sourceTree = "<group>"; };
		E1DAD8A465DCF21C34937A9F /* Pods-QuoteKeeper.debug.xcconfig */ = {isa = PBXFileReference; includeInIndex = 1; lastKnownFileType = text.xcconfig; name = "Pods-QuoteKeeper.debug.xcconfig"; path = "Target Support Files/Pods-QuoteKeeper/Pods-QuoteKeeper.debug.xcconfig"; sourceTree = "<group>"; };
		F52C78FD7AFB415EACA58681 /* Pods-QuoteKeeper.release.xcconfig */ = {isa = PBXFileReference; includeInIndex = 1; lastKnownFileType = text.xcconfig; name = "Pods-QuoteKeeper.release.xcconfig"; path = "Target Support Files/Pods-QuoteKeeper/Pods-QuoteKeeper.release.xcconfig"; sourceTree = "<group>"; };
/* End PBXFileReference section */

/* Begin PBXFrameworksBuildPhase section */
		DCCF839C22E5212500E767B2 /* Frameworks */ = {
			isa = PBXFrameworksBuildPhase;
			buildActionMask = 2147483647;
			files = (
				94DA4FE1DA977B9C9CB3A87B /* Pods_QuoteKeeper.framework in Frameworks */,
			);
			runOnlyForDeploymentPostprocessing = 0;
		};
/* End PBXFrameworksBuildPhase section */

/* Begin PBXGroup section */
		94A25E7FDF8D8013D631CE19 /* Frameworks */ = {
			isa = PBXGroup;
			children = (
				10E0FC191D684D0CF7CB5885 /* Pods_QuoteKeeper.framework */,
			);
			name = Frameworks;
			sourceTree = "<group>";
		};
		DC4908CA22FB60CE005243BF /* Model */ = {
			isa = PBXGroup;
			children = (
				DC50E66822FB2DC60012DBD3 /* Quote.swift */,
				DCE6FD3822E55740009BAF77 /* QuoteInfo.swift */,
			);
			path = Model;
			sourceTree = "<group>";
		};
		DC4908CB22FB60E4005243BF /* Controller */ = {
			isa = PBXGroup;
			children = (
				DCE6FD3A22E55A77009BAF77 /* AllQuotesTableViewController.swift */,
				DCCDE2C822E68A2200C451CF /* DetailViewController.swift */,
				DC4908C822FB60C7005243BF /* EditViewController.swift */,
				DD29B28823FF7BC500178330 /* SearchQuotesTableViewController copy.swift */,
				DCCF83B422E5233F00E767B2 /* AddViewController.swift */,
				DD6B6667246F75C500758DB2 /* HomeViewController.swift */,
				DD43F22B245F817E00693C26 /* Login */,
			);
			path = Controller;
			sourceTree = "<group>";
		};
		DCCF839622E5212500E767B2 = {
			isa = PBXGroup;
			children = (
				DCCF83A122E5212500E767B2 /* QuoteKeeper */,
				DCCF83A022E5212500E767B2 /* Products */,
				F099C28202AB7041E31DCC86 /* Pods */,
				94A25E7FDF8D8013D631CE19 /* Frameworks */,
			);
			sourceTree = "<group>";
		};
		DCCF83A022E5212500E767B2 /* Products */ = {
			isa = PBXGroup;
			children = (
				DCCF839F22E5212500E767B2 /* QuoteKeeper.app */,
			);
			name = Products;
			sourceTree = "<group>";
		};
		DCCF83A122E5212500E767B2 /* QuoteKeeper */ = {
			isa = PBXGroup;
			children = (
				DD2F84A1246CD2E400AF4D71 /* Helpers */,
				DCCF83A222E5212500E767B2 /* AppDelegate.swift */,
				DCCF83A622E5212500E767B2 /* Main.storyboard */,
				DC4908CA22FB60CE005243BF /* Model */,
				DC4908CB22FB60E4005243BF /* Controller */,
				DCCF83A922E5212700E767B2 /* Assets.xcassets */,
				DCCF83AB22E5212700E767B2 /* LaunchScreen.storyboard */,
				DCCF83AE22E5212700E767B2 /* Info.plist */,
				DCCDE2CA22E69FD000C451CF /* GoogleService-Info.plist */,
			);
			path = QuoteKeeper;
			sourceTree = "<group>";
		};
		DD2F84A1246CD2E400AF4D71 /* Helpers */ = {
			isa = PBXGroup;
			children = (
				DC4908CD22FD145B005243BF /* CopyPaste.swift */,
				DD2F8D1F2425264E00573416 /* Notes */,
				DD2F849E246CD19900AF4D71 /* Utilities.swift */,
				DD2F849C246CCF5000AF4D71 /* Constants.swift */,
			);
			name = Helpers;
			sourceTree = "<group>";
		};
		DD43F22B245F817E00693C26 /* Login */ = {
			isa = PBXGroup;
			children = (
				DCCDE2CC22E7A5AD00C451CF /* AccountViewController.swift */,
				DD43F229245F7EC900693C26 /* SignUpViewController.swift */,
				DD2F849A246CC66700AF4D71 /* LoginViewController.swift */,
			);
			name = Login;
			sourceTree = "<group>";
		};
		F099C28202AB7041E31DCC86 /* Pods */ = {
			isa = PBXGroup;
			children = (
				E1DAD8A465DCF21C34937A9F /* Pods-QuoteKeeper.debug.xcconfig */,
				F52C78FD7AFB415EACA58681 /* Pods-QuoteKeeper.release.xcconfig */,
			);
			path = Pods;
			sourceTree = "<group>";
		};
/* End PBXGroup section */

/* Begin PBXNativeTarget section */
		DCCF839E22E5212500E767B2 /* QuoteKeeper */ = {
			isa = PBXNativeTarget;
			buildConfigurationList = DCCF83B122E5212700E767B2 /* Build configuration list for PBXNativeTarget "QuoteKeeper" */;
			buildPhases = (
				4295AFBBE3F13DD491DACE64 /* [CP] Check Pods Manifest.lock */,
				DCCF839B22E5212500E767B2 /* Sources */,
				DCCF839C22E5212500E767B2 /* Frameworks */,
				DCCF839D22E5212500E767B2 /* Resources */,
				0F5202FE6AE41E39103E22FC /* [CP] Embed Pods Frameworks */,
				59F898FD17AE175761B612CE /* [CP] Copy Pods Resources */,
			);
			buildRules = (
			);
			dependencies = (
			);
			name = QuoteKeeper;
			productName = QuoteKeeper;
			productReference = DCCF839F22E5212500E767B2 /* QuoteKeeper.app */;
			productType = "com.apple.product-type.application";
		};
/* End PBXNativeTarget section */

/* Begin PBXProject section */
		DCCF839722E5212500E767B2 /* Project object */ = {
			isa = PBXProject;
			attributes = {
				LastSwiftUpdateCheck = 1020;
				LastUpgradeCheck = 1020;
				ORGANIZATIONNAME = "Ashlyn Chapman";
				TargetAttributes = {
					DCCF839E22E5212500E767B2 = {
						CreatedOnToolsVersion = 10.2.1;
					};
				};
			};
			buildConfigurationList = DCCF839A22E5212500E767B2 /* Build configuration list for PBXProject "QuoteKeeper" */;
			compatibilityVersion = "Xcode 9.3";
			developmentRegion = en;
			hasScannedForEncodings = 0;
			knownRegions = (
				en,
				Base,
			);
			mainGroup = DCCF839622E5212500E767B2;
			productRefGroup = DCCF83A022E5212500E767B2 /* Products */;
			projectDirPath = "";
			projectRoot = "";
			targets = (
				DCCF839E22E5212500E767B2 /* QuoteKeeper */,
			);
		};
/* End PBXProject section */

/* Begin PBXResourcesBuildPhase section */
		DCCF839D22E5212500E767B2 /* Resources */ = {
			isa = PBXResourcesBuildPhase;
			buildActionMask = 2147483647;
			files = (
				DCCF83AD22E5212700E767B2 /* LaunchScreen.storyboard in Resources */,
				DD2F8D202425264E00573416 /* Notes in Resources */,
				DCCDE2CB22E69FD100C451CF /* GoogleService-Info.plist in Resources */,
				DCCF83AA22E5212700E767B2 /* Assets.xcassets in Resources */,
				DCCF83A822E5212500E767B2 /* Main.storyboard in Resources */,
			);
			runOnlyForDeploymentPostprocessing = 0;
		};
/* End PBXResourcesBuildPhase section */

/* Begin PBXShellScriptBuildPhase section */
		0F5202FE6AE41E39103E22FC /* [CP] Embed Pods Frameworks */ = {
			isa = PBXShellScriptBuildPhase;
			buildActionMask = 2147483647;
			files = (
			);
			inputFileListPaths = (
				"${PODS_ROOT}/Target Support Files/Pods-QuoteKeeper/Pods-QuoteKeeper-frameworks-${CONFIGURATION}-input-files.xcfilelist",
			);
			name = "[CP] Embed Pods Frameworks";
			outputFileListPaths = (
				"${PODS_ROOT}/Target Support Files/Pods-QuoteKeeper/Pods-QuoteKeeper-frameworks-${CONFIGURATION}-output-files.xcfilelist",
			);
			runOnlyForDeploymentPostprocessing = 0;
			shellPath = /bin/sh;
			shellScript = "\"${PODS_ROOT}/Target Support Files/Pods-QuoteKeeper/Pods-QuoteKeeper-frameworks.sh\"\n";
			showEnvVarsInLog = 0;
		};
		4295AFBBE3F13DD491DACE64 /* [CP] Check Pods Manifest.lock */ = {
			isa = PBXShellScriptBuildPhase;
			buildActionMask = 2147483647;
			files = (
			);
			inputFileListPaths = (
			);
			inputPaths = (
				"${PODS_PODFILE_DIR_PATH}/Podfile.lock",
				"${PODS_ROOT}/Manifest.lock",
			);
			name = "[CP] Check Pods Manifest.lock";
			outputFileListPaths = (
			);
			outputPaths = (
				"$(DERIVED_FILE_DIR)/Pods-QuoteKeeper-checkManifestLockResult.txt",
			);
			runOnlyForDeploymentPostprocessing = 0;
			shellPath = /bin/sh;
			shellScript = "diff \"${PODS_PODFILE_DIR_PATH}/Podfile.lock\" \"${PODS_ROOT}/Manifest.lock\" > /dev/null\nif [ $? != 0 ] ; then\n    # print error to STDERR\n    echo \"error: The sandbox is not in sync with the Podfile.lock. Run 'pod install' or update your CocoaPods installation.\" >&2\n    exit 1\nfi\n# This output is used by Xcode 'outputs' to avoid re-running this script phase.\necho \"SUCCESS\" > \"${SCRIPT_OUTPUT_FILE_0}\"\n";
			showEnvVarsInLog = 0;
		};
		59F898FD17AE175761B612CE /* [CP] Copy Pods Resources */ = {
			isa = PBXShellScriptBuildPhase;
			buildActionMask = 2147483647;
			files = (
			);
			inputFileListPaths = (
				"${PODS_ROOT}/Target Support Files/Pods-QuoteKeeper/Pods-QuoteKeeper-resources-${CONFIGURATION}-input-files.xcfilelist",
			);
			name = "[CP] Copy Pods Resources";
			outputFileListPaths = (
				"${PODS_ROOT}/Target Support Files/Pods-QuoteKeeper/Pods-QuoteKeeper-resources-${CONFIGURATION}-output-files.xcfilelist",
			);
			runOnlyForDeploymentPostprocessing = 0;
			shellPath = /bin/sh;
			shellScript = "\"${PODS_ROOT}/Target Support Files/Pods-QuoteKeeper/Pods-QuoteKeeper-resources.sh\"\n";
			showEnvVarsInLog = 0;
		};
/* End PBXShellScriptBuildPhase section */

/* Begin PBXSourcesBuildPhase section */
		DCCF839B22E5212500E767B2 /* Sources */ = {
			isa = PBXSourcesBuildPhase;
			buildActionMask = 2147483647;
			files = (
				DD2F849B246CC66700AF4D71 /* LoginViewController.swift in Sources */,
				DD43F22A245F7EC900693C26 /* SignUpViewController.swift in Sources */,
				DD2F849F246CD19900AF4D71 /* Utilities.swift in Sources */,
				DD29B28923FF7BC500178330 /* SearchQuotesTableViewController copy.swift in Sources */,
				DC4908C922FB60C7005243BF /* EditViewController.swift in Sources */,
				DD6B6668246F75C500758DB2 /* HomeViewController.swift in Sources */,
				DCE6FD3922E55740009BAF77 /* QuoteInfo.swift in Sources */,
				DCE6FD3B22E55A78009BAF77 /* AllQuotesTableViewController.swift in Sources */,
				DCCDE2C922E68A2200C451CF /* DetailViewController.swift in Sources */,
				DD2F849D246CCF5000AF4D71 /* Constants.swift in Sources */,
				DCCDE2CD22E7A5AD00C451CF /* AccountViewController.swift in Sources */,
				DCCF83A322E5212500E767B2 /* AppDelegate.swift in Sources */,
				DC4908CE22FD145B005243BF /* CopyPaste.swift in Sources */,
				DC50E66922FB2DC60012DBD3 /* Quote.swift in Sources */,
				DCCF83B522E5233F00E767B2 /* AddViewController.swift in Sources */,
			);
			runOnlyForDeploymentPostprocessing = 0;
		};
/* End PBXSourcesBuildPhase section */

/* Begin PBXVariantGroup section */
		DCCF83A622E5212500E767B2 /* Main.storyboard */ = {
			isa = PBXVariantGroup;
			children = (
				DCCF83A722E5212500E767B2 /* Base */,
			);
			name = Main.storyboard;
			sourceTree = "<group>";
		};
		DCCF83AB22E5212700E767B2 /* LaunchScreen.storyboard */ = {
			isa = PBXVariantGroup;
			children = (
				DCCF83AC22E5212700E767B2 /* Base */,
			);
			name = LaunchScreen.storyboard;
			sourceTree = "<group>";
		};
/* End PBXVariantGroup section */

/* Begin XCBuildConfiguration section */
		DCCF83AF22E5212700E767B2 /* Debug */ = {
			isa = XCBuildConfiguration;
			buildSettings = {
				ALWAYS_SEARCH_USER_PATHS = NO;
				CLANG_ANALYZER_NONNULL = YES;
				CLANG_ANALYZER_NUMBER_OBJECT_CONVERSION = YES_AGGRESSIVE;
				CLANG_CXX_LANGUAGE_STANDARD = "gnu++14";
				CLANG_CXX_LIBRARY = "libc++";
				CLANG_ENABLE_MODULES = YES;
				CLANG_ENABLE_OBJC_ARC = YES;
				CLANG_ENABLE_OBJC_WEAK = YES;
				CLANG_WARN_BLOCK_CAPTURE_AUTORELEASING = YES;
				CLANG_WARN_BOOL_CONVERSION = YES;
				CLANG_WARN_COMMA = YES;
				CLANG_WARN_CONSTANT_CONVERSION = YES;
				CLANG_WARN_DEPRECATED_OBJC_IMPLEMENTATIONS = YES;
				CLANG_WARN_DIRECT_OBJC_ISA_USAGE = YES_ERROR;
				CLANG_WARN_DOCUMENTATION_COMMENTS = YES;
				CLANG_WARN_EMPTY_BODY = YES;
				CLANG_WARN_ENUM_CONVERSION = YES;
				CLANG_WARN_INFINITE_RECURSION = YES;
				CLANG_WARN_INT_CONVERSION = YES;
				CLANG_WARN_NON_LITERAL_NULL_CONVERSION = YES;
				CLANG_WARN_OBJC_IMPLICIT_RETAIN_SELF = YES;
				CLANG_WARN_OBJC_LITERAL_CONVERSION = YES;
				CLANG_WARN_OBJC_ROOT_CLASS = YES_ERROR;
				CLANG_WARN_RANGE_LOOP_ANALYSIS = YES;
				CLANG_WARN_STRICT_PROTOTYPES = YES;
				CLANG_WARN_SUSPICIOUS_MOVE = YES;
				CLANG_WARN_UNGUARDED_AVAILABILITY = YES_AGGRESSIVE;
				CLANG_WARN_UNREACHABLE_CODE = YES;
				CLANG_WARN__DUPLICATE_METHOD_MATCH = YES;
				CODE_SIGN_IDENTITY = "iPhone Developer";
				COPY_PHASE_STRIP = NO;
				DEBUG_INFORMATION_FORMAT = dwarf;
				ENABLE_STRICT_OBJC_MSGSEND = YES;
				ENABLE_TESTABILITY = YES;
				GCC_C_LANGUAGE_STANDARD = gnu11;
				GCC_DYNAMIC_NO_PIC = NO;
				GCC_NO_COMMON_BLOCKS = YES;
				GCC_OPTIMIZATION_LEVEL = 0;
				GCC_PREPROCESSOR_DEFINITIONS = (
					"DEBUG=1",
					"$(inherited)",
				);
				GCC_WARN_64_TO_32_BIT_CONVERSION = YES;
				GCC_WARN_ABOUT_RETURN_TYPE = YES_ERROR;
				GCC_WARN_UNDECLARED_SELECTOR = YES;
				GCC_WARN_UNINITIALIZED_AUTOS = YES_AGGRESSIVE;
				GCC_WARN_UNUSED_FUNCTION = YES;
				GCC_WARN_UNUSED_VARIABLE = YES;
				IPHONEOS_DEPLOYMENT_TARGET = 13.1;
				MTL_ENABLE_DEBUG_INFO = INCLUDE_SOURCE;
				MTL_FAST_MATH = YES;
				ONLY_ACTIVE_ARCH = YES;
				SDKROOT = iphoneos;
				SWIFT_ACTIVE_COMPILATION_CONDITIONS = DEBUG;
				SWIFT_OPTIMIZATION_LEVEL = "-Onone";
			};
			name = Debug;
		};
		DCCF83B022E5212700E767B2 /* Release */ = {
			isa = XCBuildConfiguration;
			buildSettings = {
				ALWAYS_SEARCH_USER_PATHS = NO;
				CLANG_ANALYZER_NONNULL = YES;
				CLANG_ANALYZER_NUMBER_OBJECT_CONVERSION = YES_AGGRESSIVE;
				CLANG_CXX_LANGUAGE_STANDARD = "gnu++14";
				CLANG_CXX_LIBRARY = "libc++";
				CLANG_ENABLE_MODULES = YES;
				CLANG_ENABLE_OBJC_ARC = YES;
				CLANG_ENABLE_OBJC_WEAK = YES;
				CLANG_WARN_BLOCK_CAPTURE_AUTORELEASING = YES;
				CLANG_WARN_BOOL_CONVERSION = YES;
				CLANG_WARN_COMMA = YES;
				CLANG_WARN_CONSTANT_CONVERSION = YES;
				CLANG_WARN_DEPRECATED_OBJC_IMPLEMENTATIONS = YES;
				CLANG_WARN_DIRECT_OBJC_ISA_USAGE = YES_ERROR;
				CLANG_WARN_DOCUMENTATION_COMMENTS = YES;
				CLANG_WARN_EMPTY_BODY = YES;
				CLANG_WARN_ENUM_CONVERSION = YES;
				CLANG_WARN_INFINITE_RECURSION = YES;
				CLANG_WARN_INT_CONVERSION = YES;
				CLANG_WARN_NON_LITERAL_NULL_CONVERSION = YES;
				CLANG_WARN_OBJC_IMPLICIT_RETAIN_SELF = YES;
				CLANG_WARN_OBJC_LITERAL_CONVERSION = YES;
				CLANG_WARN_OBJC_ROOT_CLASS = YES_ERROR;
				CLANG_WARN_RANGE_LOOP_ANALYSIS = YES;
				CLANG_WARN_STRICT_PROTOTYPES = YES;
				CLANG_WARN_SUSPICIOUS_MOVE = YES;
				CLANG_WARN_UNGUARDED_AVAILABILITY = YES_AGGRESSIVE;
				CLANG_WARN_UNREACHABLE_CODE = YES;
				CLANG_WARN__DUPLICATE_METHOD_MATCH = YES;
				CODE_SIGN_IDENTITY = "iPhone Developer";
				COPY_PHASE_STRIP = NO;
				DEBUG_INFORMATION_FORMAT = "dwarf-with-dsym";
				ENABLE_NS_ASSERTIONS = NO;
				ENABLE_STRICT_OBJC_MSGSEND = YES;
				GCC_C_LANGUAGE_STANDARD = gnu11;
				GCC_NO_COMMON_BLOCKS = YES;
				GCC_WARN_64_TO_32_BIT_CONVERSION = YES;
				GCC_WARN_ABOUT_RETURN_TYPE = YES_ERROR;
				GCC_WARN_UNDECLARED_SELECTOR = YES;
				GCC_WARN_UNINITIALIZED_AUTOS = YES_AGGRESSIVE;
				GCC_WARN_UNUSED_FUNCTION = YES;
				GCC_WARN_UNUSED_VARIABLE = YES;
				IPHONEOS_DEPLOYMENT_TARGET = 13.1;
				MTL_ENABLE_DEBUG_INFO = NO;
				MTL_FAST_MATH = YES;
				SDKROOT = iphoneos;
				SWIFT_COMPILATION_MODE = wholemodule;
				SWIFT_OPTIMIZATION_LEVEL = "-O";
				VALIDATE_PRODUCT = YES;
			};
			name = Release;
		};
		DCCF83B222E5212700E767B2 /* Debug */ = {
			isa = XCBuildConfiguration;
			baseConfigurationReference = E1DAD8A465DCF21C34937A9F /* Pods-QuoteKeeper.debug.xcconfig */;
			buildSettings = {
				ASSETCATALOG_COMPILER_APPICON_NAME = AppIcon;
				CODE_SIGN_STYLE = Automatic;
				DEVELOPMENT_TEAM = AXV2QYFGGP;
				INFOPLIST_FILE = QuoteKeeper/Info.plist;
				LD_RUNPATH_SEARCH_PATHS = (
					"$(inherited)",
					"@executable_path/Frameworks",
				);
				PRODUCT_BUNDLE_IDENTIFIER = com.AChapApps.QuoteKeeper;
				PRODUCT_NAME = "$(TARGET_NAME)";
				SWIFT_VERSION = 5.0;
				TARGETED_DEVICE_FAMILY = "1,2";
			};
			name = Debug;
		};
		DCCF83B322E5212700E767B2 /* Release */ = {
			isa = XCBuildConfiguration;
			baseConfigurationReference = F52C78FD7AFB415EACA58681 /* Pods-QuoteKeeper.release.xcconfig */;
			buildSettings = {
				ASSETCATALOG_COMPILER_APPICON_NAME = AppIcon;
				CODE_SIGN_STYLE = Automatic;
				DEVELOPMENT_TEAM = AXV2QYFGGP;
				INFOPLIST_FILE = QuoteKeeper/Info.plist;
				LD_RUNPATH_SEARCH_PATHS = (
					"$(inherited)",
					"@executable_path/Frameworks",
				);
				PRODUCT_BUNDLE_IDENTIFIER = com.AChapApps.QuoteKeeper;
				PRODUCT_NAME = "$(TARGET_NAME)";
				SWIFT_VERSION = 5.0;
				TARGETED_DEVICE_FAMILY = "1,2";
			};
			name = Release;
		};
/* End XCBuildConfiguration section */

/* Begin XCConfigurationList section */
		DCCF839A22E5212500E767B2 /* Build configuration list for PBXProject "QuoteKeeper" */ = {
			isa = XCConfigurationList;
			buildConfigurations = (
				DCCF83AF22E5212700E767B2 /* Debug */,
				DCCF83B022E5212700E767B2 /* Release */,
			);
			defaultConfigurationIsVisible = 0;
			defaultConfigurationName = Release;
		};
		DCCF83B122E5212700E767B2 /* Build configuration list for PBXNativeTarget "QuoteKeeper" */ = {
			isa = XCConfigurationList;
			buildConfigurations = (
				DCCF83B222E5212700E767B2 /* Debug */,
				DCCF83B322E5212700E767B2 /* Release */,
			);
			defaultConfigurationIsVisible = 0;
			defaultConfigurationName = Release;
		};
/* End XCConfigurationList section */
	};
	rootObject = DCCF839722E5212500E767B2 /* Project object */;
}
